
Microsoft Visual Studio Solution File, Format Version 12.00
# Visual Studio Version 16
VisualStudioVersion = 16.0.30503.244
MinimumVisualStudioVersion = 10.0.40219.1
Project("{FAE04EC0-301F-11D3-BF4B-00C04F79EFBC}") = "apRG", "apRG.csproj", "{766AA029-6739-48B8-B8C5-CFD6DDCB8018}"
EndProject
Global
	GlobalSection(SolutionConfigurationPlatforms) = preSolution
		Debug|Any CPU = Debug|Any CPU
		Release|Any CPU = Release|Any CPU
	EndGlobalSection
	GlobalSection(ProjectConfigurationPlatforms) = postSolution
		{766AA029-6739-48B8-B8C5-CFD6DDCB8018}.Debug|Any CPU.ActiveCfg = Debug|Any CPU
		{766AA029-6739-48B8-B8C5-CFD6DDCB8018}.Debug|Any CPU.Build.0 = Debug|Any CPU
		{766AA029-6739-48B8-B8C5-CFD6DDCB8018}.Release|Any CPU.ActiveCfg = Release|Any CPU
		{766AA029-6739-48B8-B8C5-CFD6DDCB8018}.Release|Any CPU.Build.0 = Release|Any CPU
	EndGlobalSection
	GlobalSection(SolutionProperties) = preSolution
		HideSolutionNode = FALSE
	EndGlobalSection
	GlobalSection(ExtensibilityGlobals) = postSolution
		SolutionGuid = {1099EBB9-9ED5-436B-AAAF-672AC978D890}
	EndGlobalSection
EndGlobal
