
Microsoft Visual Studio Solution File, Format Version 12.00
# Visual Studio Version 16
VisualStudioVersion = 16.0.30503.244
MinimumVisualStudioVersion = 10.0.40219.1
Project("{FAE04EC0-301F-11D3-BF4B-00C04F79EFBC}") = "apCodBar", "apCodBar.csproj", "{932D9E0D-FD37-42D9-BCA5-B323110055A6}"
EndProject
Global
	GlobalSection(SolutionConfigurationPlatforms) = preSolution
		Debug|Any CPU = Debug|Any CPU
		Release|Any CPU = Release|Any CPU
	EndGlobalSection
	GlobalSection(ProjectConfigurationPlatforms) = postSolution
		{932D9E0D-FD37-42D9-BCA5-B323110055A6}.Debug|Any CPU.ActiveCfg = Debug|Any CPU
		{932D9E0D-FD37-42D9-BCA5-B323110055A6}.Debug|Any CPU.Build.0 = Debug|Any CPU
		{932D9E0D-FD37-42D9-BCA5-B323110055A6}.Release|Any CPU.ActiveCfg = Release|Any CPU
		{932D9E0D-FD37-42D9-BCA5-B323110055A6}.Release|Any CPU.Build.0 = Release|Any CPU
	EndGlobalSection
	GlobalSection(SolutionProperties) = preSolution
		HideSolutionNode = FALSE
	EndGlobalSection
	GlobalSection(ExtensibilityGlobals) = postSolution
		SolutionGuid = {CDE22497-65DA-4E8D-B9FA-3787CD7A61BC}
	EndGlobalSection
EndGlobal
